
Microsoft Visual Studio Solution File, Format Version 12.00
# Visual Studio Version 16
VisualStudioVersion = 16.0.30002.166
MinimumVisualStudioVersion = 10.0.40219.1
Project("{9A19103F-16F7-4668-BE54-9A1E7A4F7556}") = "TodoApiDTO", "Mafmax.TodoApiDTO.Main\TodoApiDTO.csproj", "{FAA91437-B70A-4B94-A851-D37E144F8211}"
EndProject
Project("{9A19103F-16F7-4668-BE54-9A1E7A4F7556}") = "Mafmax.TodoApiDTO.DAL", "Mafmax.TodoApiDTO.DAL\Mafmax.TodoApiDTO.DAL.csproj", "{6116B115-D7F5-46D9-90D1-20934D608E86}"
EndProject
Project("{9A19103F-16F7-4668-BE54-9A1E7A4F7556}") = "Mafmax.TodoApiDTO.BLL", "Mafmax.TodoApiDTO.BLL\Mafmax.TodoApiDTO.BLL.csproj", "{318F5171-7DF8-452F-B140-E85C00676112}"
EndProject
Global
	GlobalSection(SolutionConfigurationPlatforms) = preSolution
		Debug|Any CPU = Debug|Any CPU
		Release|Any CPU = Release|Any CPU
	EndGlobalSection
	GlobalSection(ProjectConfigurationPlatforms) = postSolution
		{FAA91437-B70A-4B94-A851-D37E144F8211}.Debug|Any CPU.ActiveCfg = Debug|Any CPU
		{FAA91437-B70A-4B94-A851-D37E144F8211}.Debug|Any CPU.Build.0 = Debug|Any CPU
		{FAA91437-B70A-4B94-A851-D37E144F8211}.Release|Any CPU.ActiveCfg = Release|Any CPU
		{FAA91437-B70A-4B94-A851-D37E144F8211}.Release|Any CPU.Build.0 = Release|Any CPU
		{6116B115-D7F5-46D9-90D1-20934D608E86}.Debug|Any CPU.ActiveCfg = Debug|Any CPU
		{6116B115-D7F5-46D9-90D1-20934D608E86}.Debug|Any CPU.Build.0 = Debug|Any CPU
		{6116B115-D7F5-46D9-90D1-20934D608E86}.Release|Any CPU.ActiveCfg = Release|Any CPU
		{6116B115-D7F5-46D9-90D1-20934D608E86}.Release|Any CPU.Build.0 = Release|Any CPU
		{318F5171-7DF8-452F-B140-E85C00676112}.Debug|Any CPU.ActiveCfg = Debug|Any CPU
		{318F5171-7DF8-452F-B140-E85C00676112}.Debug|Any CPU.Build.0 = Debug|Any CPU
		{318F5171-7DF8-452F-B140-E85C00676112}.Release|Any CPU.ActiveCfg = Release|Any CPU
		{318F5171-7DF8-452F-B140-E85C00676112}.Release|Any CPU.Build.0 = Release|Any CPU
	EndGlobalSection
	GlobalSection(SolutionProperties) = preSolution
		HideSolutionNode = FALSE
	EndGlobalSection
	GlobalSection(ExtensibilityGlobals) = postSolution
		SolutionGuid = {60984BC9-01D1-4B40-9733-E459B1231F96}
	EndGlobalSection
EndGlobal
